
Microsoft Visual Studio Solution File, Format Version 12.00
# Visual Studio Version 16
VisualStudioVersion = 16.0.31205.134
MinimumVisualStudioVersion = 10.0.40219.1
Project("{FAE04EC0-301F-11D3-BF4B-00C04F79EFBC}") = "ELIF", "ELIF\ELIF.csproj", "{C06156A6-7CAB-4E95-8CA4-EFFB6E5EE26F}"
EndProject
Global
	GlobalSection(SolutionConfigurationPlatforms) = preSolution
		Debug|Any CPU = Debug|Any CPU
		Release|Any CPU = Release|Any CPU
	EndGlobalSection
	GlobalSection(ProjectConfigurationPlatforms) = postSolution
		{C06156A6-7CAB-4E95-8CA4-EFFB6E5EE26F}.Debug|Any CPU.ActiveCfg = Debug|Any CPU
		{C06156A6-7CAB-4E95-8CA4-EFFB6E5EE26F}.Debug|Any CPU.Build.0 = Debug|Any CPU
		{C06156A6-7CAB-4E95-8CA4-EFFB6E5EE26F}.Release|Any CPU.ActiveCfg = Release|Any CPU
		{C06156A6-7CAB-4E95-8CA4-EFFB6E5EE26F}.Release|Any CPU.Build.0 = Release|Any CPU
	EndGlobalSection
	GlobalSection(SolutionProperties) = preSolution
		HideSolutionNode = FALSE
	EndGlobalSection
	GlobalSection(ExtensibilityGlobals) = postSolution
		SolutionGuid = {32B959C1-859E-4A96-8F21-484464920D17}
	EndGlobalSection
EndGlobal
